schema: '2.0'
stages:
  data_ingestion:
    cmd: python src/bgremove/pipeline/stage_01_data_ingestion.py
    deps:
    - path: config/config.yaml
      hash: md5
      md5: b36f7e43cfd5cc26fb45b9d9c21cbfbc
      size: 910
    - path: src/bgremove/pipeline/stage_01_data_ingestion.py
      hash: md5
      md5: b1eb7db12c235952663f284b32d63f2a
      size: 1773
    outs:
    - path: artifacts/data_ingestion/data
      hash: md5
      md5: 26f0ce0d00254405a5d32b2f47d2b2aa.dir
      size: 6063760338
      nfiles: 21848
  prepare_base_model:
    cmd: python src/bgremove/pipeline/stage_02_base_model.py
    deps:
    - path: config/config.yaml
      hash: md5
      md5: b36f7e43cfd5cc26fb45b9d9c21cbfbc
      size: 910
    - path: src/bgremove/pipeline/stage_02_base_model.py
      hash: md5
      md5: 589175ca1bc529f736988957f9c61e5e
      size: 1896
    params:
      params.yaml:
        CLASSES: 1
        IMAGE_SIZE:
        - 256
        - 256
        - 3
        INT_CH:
        - 32
        - 32
        - 64
        - 128
        - 256
        - 256
        - 256
        - 128
        - 64
        - 32
        - 16
        OUT_CH:
        - 64
        - 128
        - 256
        - 512
        - 512
        - 512
        - 512
        - 256
        - 128
        - 64
        - 64
    outs:
    - path: artifacts/prepare_base_model/base_model.h5
      hash: md5
      md5: ffca06c163627a737cdda868b675675b
      size: 177419728
  training:
    cmd: python src/bgremove/pipeline/stage_03_training.py
    deps:
    - path: artifacts/data_ingestion/data/P3M-10k
      hash: md5
      md5: e51bc0c37153198decd592d363c1ade8.dir
      size: 6063760338
      nfiles: 21848
    - path: artifacts/prepare_base_model/base_model.h5
      hash: md5
      md5: ffca06c163627a737cdda868b675675b
      size: 177419728
    - path: config/config.yaml
      hash: md5
      md5: b36f7e43cfd5cc26fb45b9d9c21cbfbc
      size: 910
    - path: src/bgremove/components/prepare_callbacks.py
      hash: md5
      md5: 3b20f11b829624692f11b85689d98c08
      size: 2408
    - path: src/bgremove/pipeline/stage_03_training.py
      hash: md5
      md5: 305cdc73c02c82e4d350593718a9d62a
      size: 2579
    params:
      params.yaml:
        BATCH_SIZE: 8
        EPOCHS: 2
        HEIGHT: 256
        LEARNING_RATE: 1e-05
        MIN_LR: 1e-07
        PATIENCE_EARLY_STOPPING: 50
        PATIENCE_REDUCE_LEARNING: 1
        RESTORE_BEST_WEIGHTS: true
        SAVE_BEST_ONLY: true
        VERBOSE: 0
        WIDTH: 256
    outs:
    - path: artifacts/training/
      hash: md5
      md5: 39ba8b09855746cbb77d31247ab504e8.dir
      size: 530360880
      nfiles: 1
