schema: '2.0'
stages:
  data_ingestion:
    cmd: python src/bgremove/pipeline/stage_01_data_ingestion.py
    deps:
    - path: config/config.yaml
      hash: md5
      md5: 27e3c993b33e2cf09809d2b99f20f8ae
      size: 1025
    - path: src/bgremove/pipeline/stage_01_data_ingestion.py
      hash: md5
      md5: b1eb7db12c235952663f284b32d63f2a
      size: 1773
    outs:
    - path: artifacts/data_ingestion/data
      hash: md5
      md5: 26f0ce0d00254405a5d32b2f47d2b2aa.dir
      size: 6063760338
      nfiles: 21848

  prepare_base_model:
    cmd: python src/bgremove/pipeline/stage_02_base_model.py
    deps:
    - path: config/config.yaml
      hash: md5
      md5: 27e3c993b33e2cf09809d2b99f20f8ae
      size: 1025
    - path: src/bgremove/pipeline/stage_02_base_model.py
      hash: md5
      md5: 589175ca1bc529f736988957f9c61e5e
      size: 1896
    params:
      params.yaml:
        CLASSES: 1
        IMAGE_SIZE:
        - 256
        - 256
        - 3
        INT_CH:
        - 32
        - 32
        - 64
        - 128
        - 256
        - 256
        - 256
        - 128
        - 64
        - 32
        - 16
        OUT_CH:
        - 64
        - 128
        - 256
        - 512
        - 512
        - 512
        - 512
        - 256
        - 128
        - 64
        - 64
    outs:
    - path: artifacts/prepare_base_model/base_model.h5
      hash: md5
      md5: 908a9a1d9dfc38d3d51759443770a6bf
      size: 177419728
  training:
    cmd: python src/bgremove/pipeline/stage_03_training.py
    deps:
    - path: artifacts/data_ingestion/data/P3M-10k
      hash: md5
      md5: e51bc0c37153198decd592d363c1ade8.dir
      size: 6063760338
      nfiles: 21848
    - path: artifacts/prepare_base_model/base_model.h5
      hash: md5
      md5: 908a9a1d9dfc38d3d51759443770a6bf
      size: 177419728
    - path: config/config.yaml
      hash: md5
      md5: 27e3c993b33e2cf09809d2b99f20f8ae
      size: 1025
    - path: src/bgremove/components/prepare_callbacks.py
      hash: md5
      md5: 018d709c0640b5a4adf3231a59890ad3
      size: 2203
    - path: src/bgremove/pipeline/stage_03_training.py
      hash: md5
      md5: 1f11407fb8b82fbccd3b187270bf7c7b
      size: 2573
    params:
      params.yaml:
        BATCH_SIZE: 8
        EPOCHS: 2
        HEIGHT: 256
        LEARNING_RATE: 0.01
        MIN_LR: 1e-06
        PATIENCE_EARLY_STOPPING: 10
        PATIENCE_REDUCE_LEARNING: 5
        RESTORE_BEST_WEIGHTS: true
        SAVE_BEST_ONLY: true
        VERBOSE: 0
        WIDTH: 256
    outs:
    - path: artifacts/training/model.h5
      hash: md5
      md5: 8e4247840cd3a86a2dd219a057b1002c
      size: 530360880
      isexec: true